github.com/hyangah/exp/lib1 v1.0.0 h1:gry7WZ7/4mGDUmmtCeEfARBlpLn6b383fqrWbLhFlQc=
github.com/hyangah/exp/lib1 v1.0.0/go.mod h1:lKEu39NteITnnS+eqE2cf2OdNif2YC0RV9dgWtnH3DU=
github.com/hyangah/exp/lib1/v2 v2.0.0 h1:jZ0Fmg0hjrfAXpRe0Az1aXWWDdv7taMuzlN3h87CwWg=
github.com/hyangah/exp/lib1/v2 v2.0.0/go.mod h1:covZSo+4JOjS1S6n5Q1Pq2hcbw8EhYMZoR3+TmL/Xs0=
